
Microsoft Visual Studio Solution File, Format Version 12.00
# Visual Studio 2013
VisualStudioVersion = 12.0.30501.0
MinimumVisualStudioVersion = 10.0.40219.1
Project("{FAE04EC0-301F-11D3-BF4B-00C04F79EFBC}") = "Octokit.Caching", "Octokit.Caching\Octokit.Caching.csproj", "{42849180-A318-4A31-B648-9A89E20B13FB}"
EndProject
Project("{FAE04EC0-301F-11D3-BF4B-00C04F79EFBC}") = "Octokit.Caching.Tests", "Octokit.Caching.Tests\Octokit.Caching.Tests.csproj", "{13149AAC-B1B0-4F53-9DEC-0B3A2584C758}"
EndProject
Global
	GlobalSection(SolutionConfigurationPlatforms) = preSolution
		Debug|Any CPU = Debug|Any CPU
		Release|Any CPU = Release|Any CPU
	EndGlobalSection
	GlobalSection(ProjectConfigurationPlatforms) = postSolution
		{42849180-A318-4A31-B648-9A89E20B13FB}.Debug|Any CPU.ActiveCfg = Debug|Any CPU
		{42849180-A318-4A31-B648-9A89E20B13FB}.Debug|Any CPU.Build.0 = Debug|Any CPU
		{42849180-A318-4A31-B648-9A89E20B13FB}.Release|Any CPU.ActiveCfg = Release|Any CPU
		{42849180-A318-4A31-B648-9A89E20B13FB}.Release|Any CPU.Build.0 = Release|Any CPU
		{13149AAC-B1B0-4F53-9DEC-0B3A2584C758}.Debug|Any CPU.ActiveCfg = Debug|Any CPU
		{13149AAC-B1B0-4F53-9DEC-0B3A2584C758}.Debug|Any CPU.Build.0 = Debug|Any CPU
		{13149AAC-B1B0-4F53-9DEC-0B3A2584C758}.Release|Any CPU.ActiveCfg = Release|Any CPU
		{13149AAC-B1B0-4F53-9DEC-0B3A2584C758}.Release|Any CPU.Build.0 = Release|Any CPU
	EndGlobalSection
	GlobalSection(SolutionProperties) = preSolution
		HideSolutionNode = FALSE
	EndGlobalSection
EndGlobal
